
Microsoft Visual Studio Solution File, Format Version 12.00
# Visual Studio Version 16
VisualStudioVersion = 16.0.29409.12
MinimumVisualStudioVersion = 10.0.40219.1
Project("{FAE04EC0-301F-11D3-BF4B-00C04F79EFBC}") = "RLCCore", "Core\RLCCore.csproj", "{202F2159-593B-4E89-AFDF-FB3DAF2D9EA6}"
EndProject
Project("{FAE04EC0-301F-11D3-BF4B-00C04F79EFBC}") = "UDPCommunication", "UDPCommunication\UDPCommunication.csproj", "{6E7B46B5-C335-41C5-B600-D144F165789C}"
EndProject
Project("{FAE04EC0-301F-11D3-BF4B-00C04F79EFBC}") = "TCPCommunicationService", "TCPCommunicationService\TCPCommunicationService.csproj", "{C6716668-56C7-4EF1-AEE1-BCFD70DFA467}"
EndProject
Project("{FAE04EC0-301F-11D3-BF4B-00C04F79EFBC}") = "SNTPService", "SNTPService\SNTPService.csproj", "{8C761FC5-4B6F-4FCD-8D9B-FCCF47E8AEB0}"
EndProject
Project("{FAE04EC0-301F-11D3-BF4B-00C04F79EFBC}") = "RLCServerApplication", "RLCServerApplication\RLCServerApplication.csproj", "{F0E721CB-D5F4-4A61-8E71-EF07009949C0}"
EndProject
Project("{FAE04EC0-301F-11D3-BF4B-00C04F79EFBC}") = "NAudioPlayer", "NAudioPlayer\NAudioPlayer.csproj", "{293BBD8E-7EC8-49ED-A0C7-7124405C2242}"
EndProject
Project("{FAE04EC0-301F-11D3-BF4B-00C04F79EFBC}") = "AudioPlayerControl", "AudioPlayerControl\AudioPlayerControl.csproj", "{8D6D59CA-BAAE-4D1F-BE74-8793FB07DFA8}"
EndProject
Project("{2150E333-8FDC-42A3-9474-1A3956D46DE8}") = "Player", "Player", "{6DB8EC13-051C-4C2B-8190-321077B7D947}"
EndProject
Project("{FAE04EC0-301F-11D3-BF4B-00C04F79EFBC}") = "NotifiedObjectsFramework", "NotifiedObjectsFramework\NotifiedObjectsFramework.csproj", "{B5672B8B-286B-4C51-8457-3066FBD713A2}"
EndProject
Project("{FAE04EC0-301F-11D3-BF4B-00C04F79EFBC}") = "CyclogrammConverter", "CyclogrammConverter\CyclogrammConverter.csproj", "{10D5E64F-2D86-4703-989B-BD3DDC70475D}"
EndProject
Project("{FAE04EC0-301F-11D3-BF4B-00C04F79EFBC}") = "Microcontrollers", "Microcontrollers\Microcontrollers.csproj", "{858D95C7-0B7A-4128-95D5-8ACFB6378720}"
EndProject
Project("{9A19103F-16F7-4668-BE54-9A1E7A4F7556}") = "UDPTransmission", "UDPTransmission\UDPTransmission.csproj", "{18190EE0-780B-4692-96DB-702447281AE7}"
EndProject
Global
	GlobalSection(SolutionConfigurationPlatforms) = preSolution
		Debug|Any CPU = Debug|Any CPU
		Release|Any CPU = Release|Any CPU
	EndGlobalSection
	GlobalSection(ProjectConfigurationPlatforms) = postSolution
		{202F2159-593B-4E89-AFDF-FB3DAF2D9EA6}.Debug|Any CPU.ActiveCfg = Debug|Any CPU
		{202F2159-593B-4E89-AFDF-FB3DAF2D9EA6}.Debug|Any CPU.Build.0 = Debug|Any CPU
		{202F2159-593B-4E89-AFDF-FB3DAF2D9EA6}.Release|Any CPU.ActiveCfg = Release|Any CPU
		{202F2159-593B-4E89-AFDF-FB3DAF2D9EA6}.Release|Any CPU.Build.0 = Release|Any CPU
		{6E7B46B5-C335-41C5-B600-D144F165789C}.Debug|Any CPU.ActiveCfg = Debug|Any CPU
		{6E7B46B5-C335-41C5-B600-D144F165789C}.Debug|Any CPU.Build.0 = Debug|Any CPU
		{6E7B46B5-C335-41C5-B600-D144F165789C}.Release|Any CPU.ActiveCfg = Release|Any CPU
		{6E7B46B5-C335-41C5-B600-D144F165789C}.Release|Any CPU.Build.0 = Release|Any CPU
		{C6716668-56C7-4EF1-AEE1-BCFD70DFA467}.Debug|Any CPU.ActiveCfg = Debug|Any CPU
		{C6716668-56C7-4EF1-AEE1-BCFD70DFA467}.Debug|Any CPU.Build.0 = Debug|Any CPU
		{C6716668-56C7-4EF1-AEE1-BCFD70DFA467}.Release|Any CPU.ActiveCfg = Release|Any CPU
		{C6716668-56C7-4EF1-AEE1-BCFD70DFA467}.Release|Any CPU.Build.0 = Release|Any CPU
		{8C761FC5-4B6F-4FCD-8D9B-FCCF47E8AEB0}.Debug|Any CPU.ActiveCfg = Debug|Any CPU
		{8C761FC5-4B6F-4FCD-8D9B-FCCF47E8AEB0}.Debug|Any CPU.Build.0 = Debug|Any CPU
		{8C761FC5-4B6F-4FCD-8D9B-FCCF47E8AEB0}.Release|Any CPU.ActiveCfg = Release|Any CPU
		{8C761FC5-4B6F-4FCD-8D9B-FCCF47E8AEB0}.Release|Any CPU.Build.0 = Release|Any CPU
		{F0E721CB-D5F4-4A61-8E71-EF07009949C0}.Debug|Any CPU.ActiveCfg = Debug|Any CPU
		{F0E721CB-D5F4-4A61-8E71-EF07009949C0}.Debug|Any CPU.Build.0 = Debug|Any CPU
		{F0E721CB-D5F4-4A61-8E71-EF07009949C0}.Release|Any CPU.ActiveCfg = Release|Any CPU
		{F0E721CB-D5F4-4A61-8E71-EF07009949C0}.Release|Any CPU.Build.0 = Release|Any CPU
		{293BBD8E-7EC8-49ED-A0C7-7124405C2242}.Debug|Any CPU.ActiveCfg = Debug|Any CPU
		{293BBD8E-7EC8-49ED-A0C7-7124405C2242}.Debug|Any CPU.Build.0 = Debug|Any CPU
		{293BBD8E-7EC8-49ED-A0C7-7124405C2242}.Release|Any CPU.ActiveCfg = Release|Any CPU
		{293BBD8E-7EC8-49ED-A0C7-7124405C2242}.Release|Any CPU.Build.0 = Release|Any CPU
		{8D6D59CA-BAAE-4D1F-BE74-8793FB07DFA8}.Debug|Any CPU.ActiveCfg = Debug|Any CPU
		{8D6D59CA-BAAE-4D1F-BE74-8793FB07DFA8}.Debug|Any CPU.Build.0 = Debug|Any CPU
		{8D6D59CA-BAAE-4D1F-BE74-8793FB07DFA8}.Release|Any CPU.ActiveCfg = Release|Any CPU
		{8D6D59CA-BAAE-4D1F-BE74-8793FB07DFA8}.Release|Any CPU.Build.0 = Release|Any CPU
		{B5672B8B-286B-4C51-8457-3066FBD713A2}.Debug|Any CPU.ActiveCfg = Debug|Any CPU
		{B5672B8B-286B-4C51-8457-3066FBD713A2}.Debug|Any CPU.Build.0 = Debug|Any CPU
		{B5672B8B-286B-4C51-8457-3066FBD713A2}.Release|Any CPU.ActiveCfg = Release|Any CPU
		{B5672B8B-286B-4C51-8457-3066FBD713A2}.Release|Any CPU.Build.0 = Release|Any CPU
		{10D5E64F-2D86-4703-989B-BD3DDC70475D}.Debug|Any CPU.ActiveCfg = Debug|Any CPU
		{10D5E64F-2D86-4703-989B-BD3DDC70475D}.Debug|Any CPU.Build.0 = Debug|Any CPU
		{10D5E64F-2D86-4703-989B-BD3DDC70475D}.Release|Any CPU.ActiveCfg = Release|Any CPU
		{10D5E64F-2D86-4703-989B-BD3DDC70475D}.Release|Any CPU.Build.0 = Release|Any CPU
		{858D95C7-0B7A-4128-95D5-8ACFB6378720}.Debug|Any CPU.ActiveCfg = Debug|Any CPU
		{858D95C7-0B7A-4128-95D5-8ACFB6378720}.Debug|Any CPU.Build.0 = Debug|Any CPU
		{858D95C7-0B7A-4128-95D5-8ACFB6378720}.Release|Any CPU.ActiveCfg = Release|Any CPU
		{858D95C7-0B7A-4128-95D5-8ACFB6378720}.Release|Any CPU.Build.0 = Release|Any CPU
		{18190EE0-780B-4692-96DB-702447281AE7}.Debug|Any CPU.ActiveCfg = Debug|Any CPU
		{18190EE0-780B-4692-96DB-702447281AE7}.Debug|Any CPU.Build.0 = Debug|Any CPU
		{18190EE0-780B-4692-96DB-702447281AE7}.Release|Any CPU.ActiveCfg = Release|Any CPU
		{18190EE0-780B-4692-96DB-702447281AE7}.Release|Any CPU.Build.0 = Release|Any CPU
	EndGlobalSection
	GlobalSection(SolutionProperties) = preSolution
		HideSolutionNode = FALSE
	EndGlobalSection
	GlobalSection(NestedProjects) = preSolution
		{293BBD8E-7EC8-49ED-A0C7-7124405C2242} = {6DB8EC13-051C-4C2B-8190-321077B7D947}
		{8D6D59CA-BAAE-4D1F-BE74-8793FB07DFA8} = {6DB8EC13-051C-4C2B-8190-321077B7D947}
	EndGlobalSection
	GlobalSection(ExtensibilityGlobals) = postSolution
		SolutionGuid = {839E5F95-40CC-4940-8FAC-A80FF4008CF8}
	EndGlobalSection
EndGlobal
